// !$*UTF8*$!
{
	archiveVersion = 1;
	classes = {
	};
	objectVersion = 46;
	objects = {

/* Begin PBXBuildFile section */
		729810BB871C2C24CAF292B5 /* Pods_Study_Problem.framework in Frameworks */ = {isa = PBXBuildFile; fileRef = CC153ED82D6BFF197674F225 /* Pods_Study_Problem.framework */; };
		BC0095EA1D5DFE8400FBA347 /* ToastView.swift in Sources */ = {isa = PBXBuildFile; fileRef = BC0095E91D5DFE8400FBA347 /* ToastView.swift */; };
		BC0095EC1D5E0BF000FBA347 /* star.gif in Resources */ = {isa = PBXBuildFile; fileRef = BC0095EB1D5E0BF000FBA347 /* star.gif */; };
		BC07E4DE1D5CA86000AC9B6D /* ThemeColor.swift in Sources */ = {isa = PBXBuildFile; fileRef = BC07E4DD1D5CA85F00AC9B6D /* ThemeColor.swift */; };
		BC1437CC1CE5CF1E00448AC0 /* LoginViewController.swift in Sources */ = {isa = PBXBuildFile; fileRef = BC1437CB1CE5CF1E00448AC0 /* LoginViewController.swift */; };
		BC1437CE1CE5E29200448AC0 /* CreateAccountViewController.swift in Sources */ = {isa = PBXBuildFile; fileRef = BC1437CD1CE5E29200448AC0 /* CreateAccountViewController.swift */; };
		BC1437D01CE5F20300448AC0 /* ResetPasswordViewController.swift in Sources */ = {isa = PBXBuildFile; fileRef = BC1437CF1CE5F20300448AC0 /* ResetPasswordViewController.swift */; };
		BC1437E41CE6137B00448AC0 /* MainViewController.swift in Sources */ = {isa = PBXBuildFile; fileRef = BC1437E31CE6137B00448AC0 /* MainViewController.swift */; };
		BC1437E61CE6138900448AC0 /* PostViewController.swift in Sources */ = {isa = PBXBuildFile; fileRef = BC1437E51CE6138900448AC0 /* PostViewController.swift */; };
		BC1437EE1CE613CA00448AC0 /* SettingViewController.swift in Sources */ = {isa = PBXBuildFile; fileRef = BC1437ED1CE613CA00448AC0 /* SettingViewController.swift */; };
		BC1438081CE7364200448AC0 /* gazou.gif in Resources */ = {isa = PBXBuildFile; fileRef = BC1438071CE7364200448AC0 /* gazou.gif */; };
		BC1438141CE7575A00448AC0 /* 1.gif in Resources */ = {isa = PBXBuildFile; fileRef = BC1438131CE7575A00448AC0 /* 1.gif */; };
		BC1438161CE75B6600448AC0 /* 2.gif in Resources */ = {isa = PBXBuildFile; fileRef = BC1438151CE75B6600448AC0 /* 2.gif */; };
		BC1603671CE8569200402577 /* Post.swift in Sources */ = {isa = PBXBuildFile; fileRef = BC1603661CE8569200402577 /* Post.swift */; };
		BC16036C1CE85C8300402577 /* postTableViewCell.swift in Sources */ = {isa = PBXBuildFile; fileRef = BC16036A1CE85C8300402577 /* postTableViewCell.swift */; };
		BC16036D1CE85C8300402577 /* postTableViewCell.xib in Resources */ = {isa = PBXBuildFile; fileRef = BC16036B1CE85C8300402577 /* postTableViewCell.xib */; };
		BC1FB6E91D321D8A004CE534 /* noimage.gif in Resources */ = {isa = PBXBuildFile; fileRef = BC1FB6E81D321D8A004CE534 /* noimage.gif */; };
		BC1FB6ED1D3225CB004CE534 /* colorNavigationViewController.swift in Sources */ = {isa = PBXBuildFile; fileRef = BC1FB6EC1D3225CB004CE534 /* colorNavigationViewController.swift */; };
		BC25AFB61D2E7D9300A9F881 /* MainViewControllerTableViewClass.swift in Sources */ = {isa = PBXBuildFile; fileRef = BC25AFB51D2E7D9300A9F881 /* MainViewControllerTableViewClass.swift */; };
		BC25AFB81D2E7EFE00A9F881 /* ViewpostViewControllerTableView.swift in Sources */ = {isa = PBXBuildFile; fileRef = BC25AFB71D2E7EFE00A9F881 /* ViewpostViewControllerTableView.swift */; };
		BC32D1281D4F913D00086026 /* CustomPresentationController.swift in Sources */ = {isa = PBXBuildFile; fileRef = BC32D1271D4F913D00086026 /* CustomPresentationController.swift */; };
		BC32D12B1D501B9F00086026 /* UserDetailModalViewController.swift in Sources */ = {isa = PBXBuildFile; fileRef = BC32D1291D501B9F00086026 /* UserDetailModalViewController.swift */; };
		BC32D12C1D501B9F00086026 /* UserDetailModalViewController.xib in Resources */ = {isa = PBXBuildFile; fileRef = BC32D12A1D501B9F00086026 /* UserDetailModalViewController.xib */; };
		BC32D12E1D5023F400086026 /* CustomAnimatedTransitioning.swift in Sources */ = {isa = PBXBuildFile; fileRef = BC32D12D1D5023F400086026 /* CustomAnimatedTransitioning.swift */; };
		BC4281891D76D1D600D5F66E /* Chat.gif in Resources */ = {isa = PBXBuildFile; fileRef = BC4281881D76D1D600D5F66E /* Chat.gif */; };
		BC42818B1D76D4FF00D5F66E /* ChangePasswordViewController.swift in Sources */ = {isa = PBXBuildFile; fileRef = BC42818A1D76D4FF00D5F66E /* ChangePasswordViewController.swift */; };
		BC4281901D77086100D5F66E /* Setting@2x.gif in Resources */ = {isa = PBXBuildFile; fileRef = BC42818C1D77086100D5F66E /* Setting@2x.gif */; };
		BC4281911D77086100D5F66E /* StarMenu@2x.gif in Resources */ = {isa = PBXBuildFile; fileRef = BC42818D1D77086100D5F66E /* StarMenu@2x.gif */; };
		BC4281921D77086100D5F66E /* Main@2x.gif in Resources */ = {isa = PBXBuildFile; fileRef = BC42818E1D77086100D5F66E /* Main@2x.gif */; };
		BC4281931D77086100D5F66E /* Chat@2x.gif in Resources */ = {isa = PBXBuildFile; fileRef = BC42818F1D77086100D5F66E /* Chat@2x.gif */; };
		BC436C751D6B3729002B3C7B /* Post.gif in Resources */ = {isa = PBXBuildFile; fileRef = BC436C741D6B3729002B3C7B /* Post.gif */; };
		BC46D6CB1D1FA13C00F25E5B /* Default-568h@2x.png in Resources */ = {isa = PBXBuildFile; fileRef = BC46D6C71D1FA13C00F25E5B /* Default-568h@2x.png */; };
		BC46D6CC1D1FA13C00F25E5B /* Default-667h@2x.png in Resources */ = {isa = PBXBuildFile; fileRef = BC46D6C81D1FA13C00F25E5B /* Default-667h@2x.png */; };
		BC46D6CD1D1FA13C00F25E5B /* Default-736h@3x.png in Resources */ = {isa = PBXBuildFile; fileRef = BC46D6C91D1FA13C00F25E5B /* Default-736h@3x.png */; };
		BC46D6CE1D1FA13C00F25E5B /* StoryboardHelper.swift in Sources */ = {isa = PBXBuildFile; fileRef = BC46D6CA1D1FA13C00F25E5B /* StoryboardHelper.swift */; };
		BC4EB1B11D536C0F00D2AEB0 /* ProfileImageButtonClass.swift in Sources */ = {isa = PBXBuildFile; fileRef = BC4EB1B01D536C0F00D2AEB0 /* ProfileImageButtonClass.swift */; };
		BC4EB1B31D53764F00D2AEB0 /* FollowButtonClass.swift in Sources */ = {isa = PBXBuildFile; fileRef = BC4EB1B21D53764F00D2AEB0 /* FollowButtonClass.swift */; };
		BC5127CD1D1F81A900033737 /* NSdateExtention.swift in Sources */ = {isa = PBXBuildFile; fileRef = BC5127CC1D1F81A900033737 /* NSdateExtention.swift */; };
		BC5127D01D1F83E000033737 /* MianCellTextView.swift in Sources */ = {isa = PBXBuildFile; fileRef = BC5127CF1D1F83E000033737 /* MianCellTextView.swift */; };
		BC5127D31D1F968C00033737 /* MainCellUiimageViewClass.swift in Sources */ = {isa = PBXBuildFile; fileRef = BC5127D21D1F968C00033737 /* MainCellUiimageViewClass.swift */; };
		BC5484191D648A5D00CD5D5D /* ChatTableViewCell.swift in Sources */ = {isa = PBXBuildFile; fileRef = BC5484171D648A5D00CD5D5D /* ChatTableViewCell.swift */; };
		BC54841A1D648A5D00CD5D5D /* ChatTableViewCell.xib in Resources */ = {isa = PBXBuildFile; fileRef = BC5484181D648A5D00CD5D5D /* ChatTableViewCell.xib */; };
		BC54BB7D1CE4AE720013C0DD /* AppDelegate.swift in Sources */ = {isa = PBXBuildFile; fileRef = BC54BB7C1CE4AE720013C0DD /* AppDelegate.swift */; };
		BC54BB821CE4AE720013C0DD /* Main.storyboard in Resources */ = {isa = PBXBuildFile; fileRef = BC54BB801CE4AE720013C0DD /* Main.storyboard */; };
		BC54BB841CE4AE720013C0DD /* Assets.xcassets in Resources */ = {isa = PBXBuildFile; fileRef = BC54BB831CE4AE720013C0DD /* Assets.xcassets */; };
		BC54BB921CE4AE720013C0DD /* Study_ProblemTests.swift in Sources */ = {isa = PBXBuildFile; fileRef = BC54BB911CE4AE720013C0DD /* Study_ProblemTests.swift */; };
		BC54BB9D1CE4AE720013C0DD /* Study_ProblemUITests.swift in Sources */ = {isa = PBXBuildFile; fileRef = BC54BB9C1CE4AE720013C0DD /* Study_ProblemUITests.swift */; };
		BC5E9E6C1D5B5D6B003C1850 /* UserDetailModalViewControllerTableViewExtension.swift in Sources */ = {isa = PBXBuildFile; fileRef = BC5E9E6B1D5B5D6B003C1850 /* UserDetailModalViewControllerTableViewExtension.swift */; };
		BC5E9E731D5B75E4003C1850 /* ModalTableViewCell.swift in Sources */ = {isa = PBXBuildFile; fileRef = BC5E9E711D5B75E4003C1850 /* ModalTableViewCell.swift */; };
		BC5E9E741D5B75E4003C1850 /* ModalTableViewCell.xib in Resources */ = {isa = PBXBuildFile; fileRef = BC5E9E721D5B75E4003C1850 /* ModalTableViewCell.xib */; };
		BC64FFF01CEC9F0A008E5DB7 /* itemTableViewCell.swift in Sources */ = {isa = PBXBuildFile; fileRef = BC64FFEE1CEC9F0A008E5DB7 /* itemTableViewCell.swift */; };
		BC64FFF11CEC9F0A008E5DB7 /* itemTableViewCell.xib in Resources */ = {isa = PBXBuildFile; fileRef = BC64FFEF1CEC9F0A008E5DB7 /* itemTableViewCell.xib */; };
		BC64FFF41CEDD179008E5DB7 /* GoogleService-Info.plist in Resources */ = {isa = PBXBuildFile; fileRef = BC64FFF31CEDD179008E5DB7 /* GoogleService-Info.plist */; };
		BC7980701D75C6C900ACAE5C /* StarPostViewController.swift in Sources */ = {isa = PBXBuildFile; fileRef = BC79806F1D75C6C900ACAE5C /* StarPostViewController.swift */; };
		BC7980721D75C6D900ACAE5C /* StarPostViewContorollerTableviewClass.swift in Sources */ = {isa = PBXBuildFile; fileRef = BC7980711D75C6D900ACAE5C /* StarPostViewContorollerTableviewClass.swift */; };
		BC7980741D76C6E600ACAE5C /* ThemeColorViewController.swift in Sources */ = {isa = PBXBuildFile; fileRef = BC7980731D76C6E600ACAE5C /* ThemeColorViewController.swift */; };
		BCA052411D76CD8100B24A5E /* StarMenu.gif in Resources */ = {isa = PBXBuildFile; fileRef = BCA0523D1D76CD8100B24A5E /* StarMenu.gif */; };
		BCA052421D76CD8100B24A5E /* Setting.gif in Resources */ = {isa = PBXBuildFile; fileRef = BCA0523E1D76CD8100B24A5E /* Setting.gif */; };
		BCA052431D76CD8100B24A5E /* Main.gif in Resources */ = {isa = PBXBuildFile; fileRef = BCA0523F1D76CD8100B24A5E /* Main.gif */; };
		BCB72A211D649A4000234B15 /* ChatUserAddViewControllerTableView.swift in Sources */ = {isa = PBXBuildFile; fileRef = BCB72A201D649A4000234B15 /* ChatUserAddViewControllerTableView.swift */; };
		BCC8673B1D771A25003251B3 /* Contents.json in Resources */ = {isa = PBXBuildFile; fileRef = BCC8672D1D771A25003251B3 /* Contents.json */; };
		BCC8673C1D771A25003251B3 /* Icon-App-29x29@1x.png in Resources */ = {isa = PBXBuildFile; fileRef = BCC8672E1D771A25003251B3 /* Icon-App-29x29@1x.png */; };
		BCC8673D1D771A25003251B3 /* Icon-App-29x29@2x.png in Resources */ = {isa = PBXBuildFile; fileRef = BCC8672F1D771A25003251B3 /* Icon-App-29x29@2x.png */; };
		BCC8673E1D771A25003251B3 /* Icon-App-29x29@3x.png in Resources */ = {isa = PBXBuildFile; fileRef = BCC867301D771A25003251B3 /* Icon-App-29x29@3x.png */; };
		BCC8673F1D771A25003251B3 /* Icon-App-40x40@1x.png in Resources */ = {isa = PBXBuildFile; fileRef = BCC867311D771A25003251B3 /* Icon-App-40x40@1x.png */; };
		BCC867401D771A25003251B3 /* Icon-App-40x40@2x.png in Resources */ = {isa = PBXBuildFile; fileRef = BCC867321D771A25003251B3 /* Icon-App-40x40@2x.png */; };
		BCC867411D771A25003251B3 /* Icon-App-40x40@3x.png in Resources */ = {isa = PBXBuildFile; fileRef = BCC867331D771A25003251B3 /* Icon-App-40x40@3x.png */; };
		BCC867421D771A25003251B3 /* Icon-App-60x60@1x.png in Resources */ = {isa = PBXBuildFile; fileRef = BCC867341D771A25003251B3 /* Icon-App-60x60@1x.png */; };
		BCC867431D771A25003251B3 /* Icon-App-60x60@2x.png in Resources */ = {isa = PBXBuildFile; fileRef = BCC867351D771A25003251B3 /* Icon-App-60x60@2x.png */; };
		BCC867441D771A25003251B3 /* Icon-App-60x60@3x.png in Resources */ = {isa = PBXBuildFile; fileRef = BCC867361D771A25003251B3 /* Icon-App-60x60@3x.png */; };
		BCC867451D771A25003251B3 /* Icon-App-76x76@1x.png in Resources */ = {isa = PBXBuildFile; fileRef = BCC867371D771A25003251B3 /* Icon-App-76x76@1x.png */; };
		BCC867461D771A25003251B3 /* Icon-App-76x76@2x.png in Resources */ = {isa = PBXBuildFile; fileRef = BCC867381D771A25003251B3 /* Icon-App-76x76@2x.png */; };
		BCC867471D771A25003251B3 /* Icon-App-76x76@3x.png in Resources */ = {isa = PBXBuildFile; fileRef = BCC867391D771A25003251B3 /* Icon-App-76x76@3x.png */; };
		BCC867481D771A25003251B3 /* Icon-App-83.5x83.5@2x.png in Resources */ = {isa = PBXBuildFile; fileRef = BCC8673A1D771A25003251B3 /* Icon-App-83.5x83.5@2x.png */; };
		BCD17A651D655D500050A8EB /* ChatUserSerchClass.swift in Sources */ = {isa = PBXBuildFile; fileRef = BCD17A641D655D500050A8EB /* ChatUserSerchClass.swift */; };
		BCF520B41CE8A8330027D8EA /* ViewpostViewController.swift in Sources */ = {isa = PBXBuildFile; fileRef = BCF520B31CE8A8330027D8EA /* ViewpostViewController.swift */; };
		BCF520B81CE9B71F0027D8EA /* PostMainTableViewCell.swift in Sources */ = {isa = PBXBuildFile; fileRef = BCF520B61CE9B71F0027D8EA /* PostMainTableViewCell.swift */; };
		BCF520B91CE9B71F0027D8EA /* PostMainTableViewCell.xib in Resources */ = {isa = PBXBuildFile; fileRef = BCF520B71CE9B71F0027D8EA /* PostMainTableViewCell.xib */; };
		BCF520BD1CE9B7550027D8EA /* ReplysTableViewCell.swift in Sources */ = {isa = PBXBuildFile; fileRef = BCF520BB1CE9B7550027D8EA /* ReplysTableViewCell.swift */; };
		BCF520BE1CE9B7550027D8EA /* ReplysTableViewCell.xib in Resources */ = {isa = PBXBuildFile; fileRef = BCF520BC1CE9B7550027D8EA /* ReplysTableViewCell.xib */; };
		BCF520C21CE9B8CB0027D8EA /* MyReplysTableViewCell.swift in Sources */ = {isa = PBXBuildFile; fileRef = BCF520C01CE9B8CB0027D8EA /* MyReplysTableViewCell.swift */; };
		BCF520C31CE9B8CB0027D8EA /* MyReplysTableViewCell.xib in Resources */ = {isa = PBXBuildFile; fileRef = BCF520C11CE9B8CB0027D8EA /* MyReplysTableViewCell.xib */; };
		BCF576ED1D649FE500C50BBC /* ChatUserAddViewController.swift in Sources */ = {isa = PBXBuildFile; fileRef = BCF576EC1D649FE500C50BBC /* ChatUserAddViewController.swift */; };
		BCF71A761D0D3F4700285D07 /* noimages.gif in Resources */ = {isa = PBXBuildFile; fileRef = BCF71A751D0D3F4700285D07 /* noimages.gif */; };
		BCFBDD851D63363E0032DC6F /* ChatViewController.swift in Sources */ = {isa = PBXBuildFile; fileRef = BCFBDD841D63363E0032DC6F /* ChatViewController.swift */; };
		BCFBDD881D633C940032DC6F /* ChatViewControllerTableView.swift in Sources */ = {isa = PBXBuildFile; fileRef = BCFBDD871D633C940032DC6F /* ChatViewControllerTableView.swift */; };
		BCFBDD8A1D633D6D0032DC6F /* ChatUserSelectViewController.swift in Sources */ = {isa = PBXBuildFile; fileRef = BCFBDD891D633D6D0032DC6F /* ChatUserSelectViewController.swift */; };
/* End PBXBuildFile section */

/* Begin PBXContainerItemProxy section */
		BC54BB8E1CE4AE720013C0DD /* PBXContainerItemProxy */ = {
			isa = PBXContainerItemProxy;
			containerPortal = BC54BB711CE4AE720013C0DD /* Project object */;
			proxyType = 1;
			remoteGlobalIDString = BC54BB781CE4AE720013C0DD;
			remoteInfo = "Study Problem";
		};
		BC54BB991CE4AE720013C0DD /* PBXContainerItemProxy */ = {
			isa = PBXContainerItemProxy;
			containerPortal = BC54BB711CE4AE720013C0DD /* Project object */;
			proxyType = 1;
			remoteGlobalIDString = BC54BB781CE4AE720013C0DD;
			remoteInfo = "Study Problem";
		};
/* End PBXContainerItemProxy section */

/* Begin PBXFileReference section */
		4F012C46BD228AB7DDA7EE6B /* Pods-Study Problem.debug.xcconfig */ = {isa = PBXFileReference; includeInIndex = 1; lastKnownFileType = text.xcconfig; name = "Pods-Study Problem.debug.xcconfig"; path = "Pods/Target Support Files/Pods-Study Problem/Pods-Study Problem.debug.xcconfig"; sourceTree = "<group>"; };
		6576D153FA40607098BB99E6 /* Pods.framework */ = {isa = PBXFileReference; explicitFileType = wrapper.framework; includeInIndex = 0; path = Pods.framework; sourceTree = BUILT_PRODUCTS_DIR; };
		BC0095E91D5DFE8400FBA347 /* ToastView.swift */ = {isa = PBXFileReference; fileEncoding = 4; lastKnownFileType = sourcecode.swift; path = ToastView.swift; sourceTree = "<group>"; };
		BC0095EB1D5E0BF000FBA347 /* star.gif */ = {isa = PBXFileReference; lastKnownFileType = image.gif; path = star.gif; sourceTree = "<group>"; };
		BC07E4DD1D5CA85F00AC9B6D /* ThemeColor.swift */ = {isa = PBXFileReference; fileEncoding = 4; lastKnownFileType = sourcecode.swift; path = ThemeColor.swift; sourceTree = "<group>"; };
		BC1437CB1CE5CF1E00448AC0 /* LoginViewController.swift */ = {isa = PBXFileReference; fileEncoding = 4; lastKnownFileType = sourcecode.swift; path = LoginViewController.swift; sourceTree = "<group>"; };
		BC1437CD1CE5E29200448AC0 /* CreateAccountViewController.swift */ = {isa = PBXFileReference; fileEncoding = 4; lastKnownFileType = sourcecode.swift; path = CreateAccountViewController.swift; sourceTree = "<group>"; };
		BC1437CF1CE5F20300448AC0 /* ResetPasswordViewController.swift */ = {isa = PBXFileReference; fileEncoding = 4; lastKnownFileType = sourcecode.swift; path = ResetPasswordViewController.swift; sourceTree = "<group>"; };
		BC1437E31CE6137B00448AC0 /* MainViewController.swift */ = {isa = PBXFileReference; fileEncoding = 4; lastKnownFileType = sourcecode.swift; path = MainViewController.swift; sourceTree = "<group>"; };
		BC1437E51CE6138900448AC0 /* PostViewController.swift */ = {isa = PBXFileReference; fileEncoding = 4; lastKnownFileType = sourcecode.swift; path = PostViewController.swift; sourceTree = "<group>"; };
		BC1437ED1CE613CA00448AC0 /* SettingViewController.swift */ = {isa = PBXFileReference; fileEncoding = 4; lastKnownFileType = sourcecode.swift; path = SettingViewController.swift; sourceTree = "<group>"; };
		BC1438071CE7364200448AC0 /* gazou.gif */ = {isa = PBXFileReference; lastKnownFileType = image.gif; path = gazou.gif; sourceTree = "<group>"; };
		BC1438131CE7575A00448AC0 /* 1.gif */ = {isa = PBXFileReference; lastKnownFileType = image.gif; path = 1.gif; sourceTree = "<group>"; };
		BC1438151CE75B6600448AC0 /* 2.gif */ = {isa = PBXFileReference; lastKnownFileType = image.gif; path = 2.gif; sourceTree = "<group>"; };
		BC1603661CE8569200402577 /* Post.swift */ = {isa = PBXFileReference; fileEncoding = 4; lastKnownFileType = sourcecode.swift; path = Post.swift; sourceTree = "<group>"; };
		BC16036A1CE85C8300402577 /* postTableViewCell.swift */ = {isa = PBXFileReference; fileEncoding = 4; lastKnownFileType = sourcecode.swift; path = postTableViewCell.swift; sourceTree = "<group>"; };
		BC16036B1CE85C8300402577 /* postTableViewCell.xib */ = {isa = PBXFileReference; fileEncoding = 4; lastKnownFileType = file.xib; path = postTableViewCell.xib; sourceTree = "<group>"; };
		BC1FB6E81D321D8A004CE534 /* noimage.gif */ = {isa = PBXFileReference; lastKnownFileType = image.gif; path = noimage.gif; sourceTree = "<group>"; };
		BC1FB6EC1D3225CB004CE534 /* colorNavigationViewController.swift */ = {isa = PBXFileReference; fileEncoding = 4; lastKnownFileType = sourcecode.swift; path = colorNavigationViewController.swift; sourceTree = "<group>"; };
		BC25AFB51D2E7D9300A9F881 /* MainViewControllerTableViewClass.swift */ = {isa = PBXFileReference; fileEncoding = 4; lastKnownFileType = sourcecode.swift; path = MainViewControllerTableViewClass.swift; sourceTree = "<group>"; };
		BC25AFB71D2E7EFE00A9F881 /* ViewpostViewControllerTableView.swift */ = {isa = PBXFileReference; fileEncoding = 4; lastKnownFileType = sourcecode.swift; path = ViewpostViewControllerTableView.swift; sourceTree = "<group>"; };
		BC32D1271D4F913D00086026 /* CustomPresentationController.swift */ = {isa = PBXFileReference; fileEncoding = 4; lastKnownFileType = sourcecode.swift; path = CustomPresentationController.swift; sourceTree = "<group>"; };
		BC32D1291D501B9F00086026 /* UserDetailModalViewController.swift */ = {isa = PBXFileReference; fileEncoding = 4; lastKnownFileType = sourcecode.swift; path = UserDetailModalViewController.swift; sourceTree = "<group>"; };
		BC32D12A1D501B9F00086026 /* UserDetailModalViewController.xib */ = {isa = PBXFileReference; fileEncoding = 4; lastKnownFileType = file.xib; path = UserDetailModalViewController.xib; sourceTree = "<group>"; };
		BC32D12D1D5023F400086026 /* CustomAnimatedTransitioning.swift */ = {isa = PBXFileReference; fileEncoding = 4; lastKnownFileType = sourcecode.swift; path = CustomAnimatedTransitioning.swift; sourceTree = "<group>"; };
		BC4281881D76D1D600D5F66E /* Chat.gif */ = {isa = PBXFileReference; lastKnownFileType = image.gif; path = Chat.gif; sourceTree = "<group>"; };
		BC42818A1D76D4FF00D5F66E /* ChangePasswordViewController.swift */ = {isa = PBXFileReference; fileEncoding = 4; lastKnownFileType = sourcecode.swift; path = ChangePasswordViewController.swift; sourceTree = "<group>"; };
		BC42818C1D77086100D5F66E /* Setting@2x.gif */ = {isa = PBXFileReference; lastKnownFileType = image.gif; path = "Setting@2x.gif"; sourceTree = "<group>"; };
		BC42818D1D77086100D5F66E /* StarMenu@2x.gif */ = {isa = PBXFileReference; lastKnownFileType = image.gif; path = "StarMenu@2x.gif"; sourceTree = "<group>"; };
		BC42818E1D77086100D5F66E /* Main@2x.gif */ = {isa = PBXFileReference; lastKnownFileType = image.gif; path = "Main@2x.gif"; sourceTree = "<group>"; };
		BC42818F1D77086100D5F66E /* Chat@2x.gif */ = {isa = PBXFileReference; lastKnownFileType = image.gif; path = "Chat@2x.gif"; sourceTree = "<group>"; };
		BC436C741D6B3729002B3C7B /* Post.gif */ = {isa = PBXFileReference; lastKnownFileType = image.gif; path = Post.gif; sourceTree = "<group>"; };
		BC46D6C71D1FA13C00F25E5B /* Default-568h@2x.png */ = {isa = PBXFileReference; lastKnownFileType = image.png; path = "Default-568h@2x.png"; sourceTree = "<group>"; };
		BC46D6C81D1FA13C00F25E5B /* Default-667h@2x.png */ = {isa = PBXFileReference; lastKnownFileType = image.png; path = "Default-667h@2x.png"; sourceTree = "<group>"; };
		BC46D6C91D1FA13C00F25E5B /* Default-736h@3x.png */ = {isa = PBXFileReference; lastKnownFileType = image.png; path = "Default-736h@3x.png"; sourceTree = "<group>"; };
		BC46D6CA1D1FA13C00F25E5B /* StoryboardHelper.swift */ = {isa = PBXFileReference; fileEncoding = 4; lastKnownFileType = sourcecode.swift; path = StoryboardHelper.swift; sourceTree = "<group>"; };
		BC4EB1B01D536C0F00D2AEB0 /* ProfileImageButtonClass.swift */ = {isa = PBXFileReference; fileEncoding = 4; lastKnownFileType = sourcecode.swift; path = ProfileImageButtonClass.swift; sourceTree = "<group>"; };
		BC4EB1B21D53764F00D2AEB0 /* FollowButtonClass.swift */ = {isa = PBXFileReference; fileEncoding = 4; lastKnownFileType = sourcecode.swift; path = FollowButtonClass.swift; sourceTree = "<group>"; };
		BC5127CC1D1F81A900033737 /* NSdateExtention.swift */ = {isa = PBXFileReference; fileEncoding = 4; lastKnownFileType = sourcecode.swift; path = NSdateExtention.swift; sourceTree = "<group>"; };
		BC5127CF1D1F83E000033737 /* MianCellTextView.swift */ = {isa = PBXFileReference; fileEncoding = 4; lastKnownFileType = sourcecode.swift; path = MianCellTextView.swift; sourceTree = "<group>"; };
		BC5127D21D1F968C00033737 /* MainCellUiimageViewClass.swift */ = {isa = PBXFileReference; fileEncoding = 4; lastKnownFileType = sourcecode.swift; path = MainCellUiimageViewClass.swift; sourceTree = "<group>"; };
		BC5484171D648A5D00CD5D5D /* ChatTableViewCell.swift */ = {isa = PBXFileReference; fileEncoding = 4; lastKnownFileType = sourcecode.swift; path = ChatTableViewCell.swift; sourceTree = "<group>"; };
		BC5484181D648A5D00CD5D5D /* ChatTableViewCell.xib */ = {isa = PBXFileReference; fileEncoding = 4; lastKnownFileType = file.xib; path = ChatTableViewCell.xib; sourceTree = "<group>"; };
		BC54BB791CE4AE720013C0DD /* Study Problem.app */ = {isa = PBXFileReference; explicitFileType = wrapper.application; includeInIndex = 0; path = "Study Problem.app"; sourceTree = BUILT_PRODUCTS_DIR; };
		BC54BB7C1CE4AE720013C0DD /* AppDelegate.swift */ = {isa = PBXFileReference; lastKnownFileType = sourcecode.swift; path = AppDelegate.swift; sourceTree = "<group>"; };
		BC54BB811CE4AE720013C0DD /* Base */ = {isa = PBXFileReference; lastKnownFileType = file.storyboard; name = Base; path = Base.lproj/Main.storyboard; sourceTree = "<group>"; };
		BC54BB831CE4AE720013C0DD /* Assets.xcassets */ = {isa = PBXFileReference; lastKnownFileType = folder.assetcatalog; path = Assets.xcassets; sourceTree = "<group>"; };
		BC54BB881CE4AE720013C0DD /* Info.plist */ = {isa = PBXFileReference; lastKnownFileType = text.plist.xml; path = Info.plist; sourceTree = "<group>"; };
		BC54BB8D1CE4AE720013C0DD /* Study ProblemTests.xctest */ = {isa = PBXFileReference; explicitFileType = wrapper.cfbundle; includeInIndex = 0; path = "Study ProblemTests.xctest"; sourceTree = BUILT_PRODUCTS_DIR; };
		BC54BB911CE4AE720013C0DD /* Study_ProblemTests.swift */ = {isa = PBXFileReference; lastKnownFileType = sourcecode.swift; path = Study_ProblemTests.swift; sourceTree = "<group>"; };
		BC54BB931CE4AE720013C0DD /* Info.plist */ = {isa = PBXFileReference; lastKnownFileType = text.plist.xml; path = Info.plist; sourceTree = "<group>"; };
		BC54BB981CE4AE720013C0DD /* Study ProblemUITests.xctest */ = {isa = PBXFileReference; explicitFileType = wrapper.cfbundle; includeInIndex = 0; path = "Study ProblemUITests.xctest"; sourceTree = BUILT_PRODUCTS_DIR; };
		BC54BB9C1CE4AE720013C0DD /* Study_ProblemUITests.swift */ = {isa = PBXFileReference; lastKnownFileType = sourcecode.swift; path = Study_ProblemUITests.swift; sourceTree = "<group>"; };
		BC54BB9E1CE4AE720013C0DD /* Info.plist */ = {isa = PBXFileReference; lastKnownFileType = text.plist.xml; path = Info.plist; sourceTree = "<group>"; };
		BC5E9E6B1D5B5D6B003C1850 /* UserDetailModalViewControllerTableViewExtension.swift */ = {isa = PBXFileReference; fileEncoding = 4; lastKnownFileType = sourcecode.swift; path = UserDetailModalViewControllerTableViewExtension.swift; sourceTree = "<group>"; };
		BC5E9E711D5B75E4003C1850 /* ModalTableViewCell.swift */ = {isa = PBXFileReference; fileEncoding = 4; lastKnownFileType = sourcecode.swift; path = ModalTableViewCell.swift; sourceTree = "<group>"; };
		BC5E9E721D5B75E4003C1850 /* ModalTableViewCell.xib */ = {isa = PBXFileReference; fileEncoding = 4; lastKnownFileType = file.xib; path = ModalTableViewCell.xib; sourceTree = "<group>"; };
		BC64FFEE1CEC9F0A008E5DB7 /* itemTableViewCell.swift */ = {isa = PBXFileReference; fileEncoding = 4; lastKnownFileType = sourcecode.swift; path = itemTableViewCell.swift; sourceTree = "<group>"; };
		BC64FFEF1CEC9F0A008E5DB7 /* itemTableViewCell.xib */ = {isa = PBXFileReference; fileEncoding = 4; lastKnownFileType = file.xib; path = itemTableViewCell.xib; sourceTree = "<group>"; };
		BC64FFF31CEDD179008E5DB7 /* GoogleService-Info.plist */ = {isa = PBXFileReference; fileEncoding = 4; lastKnownFileType = text.plist.xml; path = "GoogleService-Info.plist"; sourceTree = "<group>"; };
		BC79806F1D75C6C900ACAE5C /* StarPostViewController.swift */ = {isa = PBXFileReference; fileEncoding = 4; lastKnownFileType = sourcecode.swift; path = StarPostViewController.swift; sourceTree = "<group>"; };
		BC7980711D75C6D900ACAE5C /* StarPostViewContorollerTableviewClass.swift */ = {isa = PBXFileReference; fileEncoding = 4; lastKnownFileType = sourcecode.swift; path = StarPostViewContorollerTableviewClass.swift; sourceTree = "<group>"; };
		BC7980731D76C6E600ACAE5C /* ThemeColorViewController.swift */ = {isa = PBXFileReference; fileEncoding = 4; lastKnownFileType = sourcecode.swift; path = ThemeColorViewController.swift; sourceTree = "<group>"; };
		BCA0523D1D76CD8100B24A5E /* StarMenu.gif */ = {isa = PBXFileReference; lastKnownFileType = image.gif; path = StarMenu.gif; sourceTree = "<group>"; };
		BCA0523E1D76CD8100B24A5E /* Setting.gif */ = {isa = PBXFileReference; lastKnownFileType = image.gif; path = Setting.gif; sourceTree = "<group>"; };
		BCA0523F1D76CD8100B24A5E /* Main.gif */ = {isa = PBXFileReference; lastKnownFileType = image.gif; path = Main.gif; sourceTree = "<group>"; };
		BCB72A201D649A4000234B15 /* ChatUserAddViewControllerTableView.swift */ = {isa = PBXFileReference; fileEncoding = 4; lastKnownFileType = sourcecode.swift; path = ChatUserAddViewControllerTableView.swift; sourceTree = "<group>"; };
		BCC8672D1D771A25003251B3 /* Contents.json */ = {isa = PBXFileReference; fileEncoding = 4; lastKnownFileType = text.json; path = Contents.json; sourceTree = "<group>"; };
		BCC8672E1D771A25003251B3 /* Icon-App-29x29@1x.png */ = {isa = PBXFileReference; lastKnownFileType = image.png; path = "Icon-App-29x29@1x.png"; sourceTree = "<group>"; };
		BCC8672F1D771A25003251B3 /* Icon-App-29x29@2x.png */ = {isa = PBXFileReference; lastKnownFileType = image.png; path = "Icon-App-29x29@2x.png"; sourceTree = "<group>"; };
		BCC867301D771A25003251B3 /* Icon-App-29x29@3x.png */ = {isa = PBXFileReference; lastKnownFileType = image.png; path = "Icon-App-29x29@3x.png"; sourceTree = "<group>"; };
		BCC867311D771A25003251B3 /* Icon-App-40x40@1x.png */ = {isa = PBXFileReference; lastKnownFileType = image.png; path = "Icon-App-40x40@1x.png"; sourceTree = "<group>"; };
		BCC867321D771A25003251B3 /* Icon-App-40x40@2x.png */ = {isa = PBXFileReference; lastKnownFileType = image.png; path = "Icon-App-40x40@2x.png"; sourceTree = "<group>"; };
		BCC867331D771A25003251B3 /* Icon-App-40x40@3x.png */ = {isa = PBXFileReference; lastKnownFileType = image.png; path = "Icon-App-40x40@3x.png"; sourceTree = "<group>"; };
		BCC867341D771A25003251B3 /* Icon-App-60x60@1x.png */ = {isa = PBXFileReference; lastKnownFileType = image.png; path = "Icon-App-60x60@1x.png"; sourceTree = "<group>"; };
		BCC867351D771A25003251B3 /* Icon-App-60x60@2x.png */ = {isa = PBXFileReference; lastKnownFileType = image.png; path = "Icon-App-60x60@2x.png"; sourceTree = "<group>"; };
		BCC867361D771A25003251B3 /* Icon-App-60x60@3x.png */ = {isa = PBXFileReference; lastKnownFileType = image.png; path = "Icon-App-60x60@3x.png"; sourceTree = "<group>"; };
		BCC867371D771A25003251B3 /* Icon-App-76x76@1x.png */ = {isa = PBXFileReference; lastKnownFileType = image.png; path = "Icon-App-76x76@1x.png"; sourceTree = "<group>"; };
		BCC867381D771A25003251B3 /* Icon-App-76x76@2x.png */ = {isa = PBXFileReference; lastKnownFileType = image.png; path = "Icon-App-76x76@2x.png"; sourceTree = "<group>"; };
		BCC867391D771A25003251B3 /* Icon-App-76x76@3x.png */ = {isa = PBXFileReference; lastKnownFileType = image.png; path = "Icon-App-76x76@3x.png"; sourceTree = "<group>"; };
		BCC8673A1D771A25003251B3 /* Icon-App-83.5x83.5@2x.png */ = {isa = PBXFileReference; lastKnownFileType = image.png; path = "Icon-App-83.5x83.5@2x.png"; sourceTree = "<group>"; };
		BCD17A641D655D500050A8EB /* ChatUserSerchClass.swift */ = {isa = PBXFileReference; fileEncoding = 4; lastKnownFileType = sourcecode.swift; path = ChatUserSerchClass.swift; sourceTree = "<group>"; };
		BCEF1D4E1CEF015A001FBE37 /* Study Problem-Bridging-Header.h */ = {isa = PBXFileReference; lastKnownFileType = sourcecode.c.h; path = "Study Problem-Bridging-Header.h"; sourceTree = "<group>"; };
		BCF520B31CE8A8330027D8EA /* ViewpostViewController.swift */ = {isa = PBXFileReference; fileEncoding = 4; lastKnownFileType = sourcecode.swift; path = ViewpostViewController.swift; sourceTree = "<group>"; };
		BCF520B61CE9B71F0027D8EA /* PostMainTableViewCell.swift */ = {isa = PBXFileReference; fileEncoding = 4; lastKnownFileType = sourcecode.swift; path = PostMainTableViewCell.swift; sourceTree = "<group>"; };
		BCF520B71CE9B71F0027D8EA /* PostMainTableViewCell.xib */ = {isa = PBXFileReference; fileEncoding = 4; lastKnownFileType = file.xib; path = PostMainTableViewCell.xib; sourceTree = "<group>"; };
		BCF520BB1CE9B7550027D8EA /* ReplysTableViewCell.swift */ = {isa = PBXFileReference; fileEncoding = 4; lastKnownFileType = sourcecode.swift; path = ReplysTableViewCell.swift; sourceTree = "<group>"; };
		BCF520BC1CE9B7550027D8EA /* ReplysTableViewCell.xib */ = {isa = PBXFileReference; fileEncoding = 4; lastKnownFileType = file.xib; path = ReplysTableViewCell.xib; sourceTree = "<group>"; };
		BCF520C01CE9B8CB0027D8EA /* MyReplysTableViewCell.swift */ = {isa = PBXFileReference; fileEncoding = 4; lastKnownFileType = sourcecode.swift; path = MyReplysTableViewCell.swift; sourceTree = "<group>"; };
		BCF520C11CE9B8CB0027D8EA /* MyReplysTableViewCell.xib */ = {isa = PBXFileReference; fileEncoding = 4; lastKnownFileType = file.xib; path = MyReplysTableViewCell.xib; sourceTree = "<group>"; };
		BCF576EC1D649FE500C50BBC /* ChatUserAddViewController.swift */ = {isa = PBXFileReference; fileEncoding = 4; lastKnownFileType = sourcecode.swift; path = ChatUserAddViewController.swift; sourceTree = "<group>"; };
		BCF71A751D0D3F4700285D07 /* noimages.gif */ = {isa = PBXFileReference; lastKnownFileType = image.gif; path = noimages.gif; sourceTree = "<group>"; };
		BCFBDD841D63363E0032DC6F /* ChatViewController.swift */ = {isa = PBXFileReference; fileEncoding = 4; lastKnownFileType = sourcecode.swift; path = ChatViewController.swift; sourceTree = "<group>"; };
		BCFBDD871D633C940032DC6F /* ChatViewControllerTableView.swift */ = {isa = PBXFileReference; fileEncoding = 4; lastKnownFileType = sourcecode.swift; path = ChatViewControllerTableView.swift; sourceTree = "<group>"; };
		BCFBDD891D633D6D0032DC6F /* ChatUserSelectViewController.swift */ = {isa = PBXFileReference; fileEncoding = 4; lastKnownFileType = sourcecode.swift; path = ChatUserSelectViewController.swift; sourceTree = "<group>"; };
		C53EC0BD776941FBF25FFAE2 /* Pods-Study Problem.release.xcconfig */ = {isa = PBXFileReference; includeInIndex = 1; lastKnownFileType = text.xcconfig; name = "Pods-Study Problem.release.xcconfig"; path = "Pods/Target Support Files/Pods-Study Problem/Pods-Study Problem.release.xcconfig"; sourceTree = "<group>"; };
		CC153ED82D6BFF197674F225 /* Pods_Study_Problem.framework */ = {isa = PBXFileReference; explicitFileType = wrapper.framework; includeInIndex = 0; path = Pods_Study_Problem.framework; sourceTree = BUILT_PRODUCTS_DIR; };
/* End PBXFileReference section */

/* Begin PBXFrameworksBuildPhase section */
		BC54BB761CE4AE720013C0DD /* Frameworks */ = {
			isa = PBXFrameworksBuildPhase;
			buildActionMask = 2147483647;
			files = (
				729810BB871C2C24CAF292B5 /* Pods_Study_Problem.framework in Frameworks */,
			);
			runOnlyForDeploymentPostprocessing = 0;
		};
		BC54BB8A1CE4AE720013C0DD /* Frameworks */ = {
			isa = PBXFrameworksBuildPhase;
			buildActionMask = 2147483647;
			files = (
			);
			runOnlyForDeploymentPostprocessing = 0;
		};
		BC54BB951CE4AE720013C0DD /* Frameworks */ = {
			isa = PBXFrameworksBuildPhase;
			buildActionMask = 2147483647;
			files = (
			);
			runOnlyForDeploymentPostprocessing = 0;
		};
/* End PBXFrameworksBuildPhase section */

/* Begin PBXGroup section */
		3940EE621CE824E800293067 /* Resorces */ = {
			isa = PBXGroup;
			children = (
				BC0095EB1D5E0BF000FBA347 /* star.gif */,
				BCA0523D1D76CD8100B24A5E /* StarMenu.gif */,
				BCA0523E1D76CD8100B24A5E /* Setting.gif */,
				BCA0523F1D76CD8100B24A5E /* Main.gif */,
				BC42818C1D77086100D5F66E /* Setting@2x.gif */,
				BC42818D1D77086100D5F66E /* StarMenu@2x.gif */,
				BC42818E1D77086100D5F66E /* Main@2x.gif */,
				BC42818F1D77086100D5F66E /* Chat@2x.gif */,
				BC1FB6E81D321D8A004CE534 /* noimage.gif */,
				BC4281881D76D1D600D5F66E /* Chat.gif */,
				BCF71A751D0D3F4700285D07 /* noimages.gif */,
				BC1438071CE7364200448AC0 /* gazou.gif */,
				BC436C741D6B3729002B3C7B /* Post.gif */,
				BC1438151CE75B6600448AC0 /* 2.gif */,
				BC1438131CE7575A00448AC0 /* 1.gif */,
			);
			name = Resorces;
			sourceTree = "<group>";
		};
		3A246FAC62CDD551976F47EB /* Frameworks */ = {
			isa = PBXGroup;
			children = (
				6576D153FA40607098BB99E6 /* Pods.framework */,
				CC153ED82D6BFF197674F225 /* Pods_Study_Problem.framework */,
			);
			name = Frameworks;
			sourceTree = "<group>";
		};
		BC1437D11CE60E7400448AC0 /* User */ = {
			isa = PBXGroup;
			children = (
				BC1437CB1CE5CF1E00448AC0 /* LoginViewController.swift */,
				BC1437CD1CE5E29200448AC0 /* CreateAccountViewController.swift */,
				BC1437CF1CE5F20300448AC0 /* ResetPasswordViewController.swift */,
			);
			name = User;
			sourceTree = "<group>";
		};
		BC1603651CE8563F00402577 /* Model */ = {
			isa = PBXGroup;
			children = (
				BC07E4DD1D5CA85F00AC9B6D /* ThemeColor.swift */,
				BC1603661CE8569200402577 /* Post.swift */,
			);
			name = Model;
			sourceTree = "<group>";
		};
		BC16036E1CE85C8C00402577 /* PostTableViewCell */ = {
			isa = PBXGroup;
			children = (
				BC16036A1CE85C8300402577 /* postTableViewCell.swift */,
				BC16036B1CE85C8300402577 /* postTableViewCell.xib */,
			);
			name = PostTableViewCell;
			sourceTree = "<group>";
		};
		BC25AFB41D2E7D5600A9F881 /* MainViewController */ = {
			isa = PBXGroup;
			children = (
				BC1437E31CE6137B00448AC0 /* MainViewController.swift */,
				BC25AFB51D2E7D9300A9F881 /* MainViewControllerTableViewClass.swift */,
			);
			name = MainViewController;
			sourceTree = "<group>";
		};
		BC25AFB91D2E7F0100A9F881 /* ViewpostViewCOntroller */ = {
			isa = PBXGroup;
			children = (
				BCF520B31CE8A8330027D8EA /* ViewpostViewController.swift */,
				BC25AFB71D2E7EFE00A9F881 /* ViewpostViewControllerTableView.swift */,
			);
			name = ViewpostViewCOntroller;
			sourceTree = "<group>";
		};
		BC46D6C61D1FA13C00F25E5B /* Defaults */ = {
			isa = PBXGroup;
			children = (
				BC46D6C71D1FA13C00F25E5B /* Default-568h@2x.png */,
				BC46D6C81D1FA13C00F25E5B /* Default-667h@2x.png */,
				BC46D6C91D1FA13C00F25E5B /* Default-736h@3x.png */,
			);
			path = Defaults;
			sourceTree = "<group>";
		};
		BC46D6CF1D1FA7C700F25E5B /* ViewControllers */ = {
			isa = PBXGroup;
			children = (
				BC79806E1D75C6A000ACAE5C /* StarPostViewController */,
				BC5E9E6D1D5B6ED4003C1850 /* UserDetailModalViewController */,
				BC1437ED1CE613CA00448AC0 /* SettingViewController.swift */,
				BC42818A1D76D4FF00D5F66E /* ChangePasswordViewController.swift */,
				BCFBDD861D633C730032DC6F /* ChatViewController */,
				BCB72A1F1D649A1900234B15 /* ChatUserAddViewController */,
				BC25AFB41D2E7D5600A9F881 /* MainViewController */,
				BC25AFB91D2E7F0100A9F881 /* ViewpostViewCOntroller */,
				BC1437E51CE6138900448AC0 /* PostViewController.swift */,
			);
			name = ViewControllers;
			sourceTree = "<group>";
		};
		BC5127CE1D1F820B00033737 /* Extenstions */ = {
			isa = PBXGroup;
			children = (
				BC5127CC1D1F81A900033737 /* NSdateExtention.swift */,
			);
			name = Extenstions;
			sourceTree = "<group>";
		};
		BC5127D11D1F858300033737 /* Class */ = {
			isa = PBXGroup;
			children = (
				BC0095E91D5DFE8400FBA347 /* ToastView.swift */,
				BC5127D21D1F968C00033737 /* MainCellUiimageViewClass.swift */,
				BC4EB1B21D53764F00D2AEB0 /* FollowButtonClass.swift */,
				BC32D12D1D5023F400086026 /* CustomAnimatedTransitioning.swift */,
				BC32D1271D4F913D00086026 /* CustomPresentationController.swift */,
				BC5127CF1D1F83E000033737 /* MianCellTextView.swift */,
				BC1FB6EC1D3225CB004CE534 /* colorNavigationViewController.swift */,
				BC4EB1B01D536C0F00D2AEB0 /* ProfileImageButtonClass.swift */,
			);
			name = Class;
			sourceTree = "<group>";
		};
		BC5484161D648A3700CD5D5D /* ChatTableViewCell */ = {
			isa = PBXGroup;
			children = (
				BC5484171D648A5D00CD5D5D /* ChatTableViewCell.swift */,
				BC5484181D648A5D00CD5D5D /* ChatTableViewCell.xib */,
			);
			name = ChatTableViewCell;
			sourceTree = "<group>";
		};
		BC54BB701CE4AE720013C0DD = {
			isa = PBXGroup;
			children = (
				BC54BB7B1CE4AE720013C0DD /* Study Problem */,
				BC54BB901CE4AE720013C0DD /* Study ProblemTests */,
				BC54BB9B1CE4AE720013C0DD /* Study ProblemUITests */,
				BC54BB7A1CE4AE720013C0DD /* Products */,
				3A246FAC62CDD551976F47EB /* Frameworks */,
				E9F1973FC39F6DFF5B30725F /* Pods */,
			);
			sourceTree = "<group>";
		};
		BC54BB7A1CE4AE720013C0DD /* Products */ = {
			isa = PBXGroup;
			children = (
				BC54BB791CE4AE720013C0DD /* Study Problem.app */,
				BC54BB8D1CE4AE720013C0DD /* Study ProblemTests.xctest */,
				BC54BB981CE4AE720013C0DD /* Study ProblemUITests.xctest */,
			);
			name = Products;
			sourceTree = "<group>";
		};
		BC54BB7B1CE4AE720013C0DD /* Study Problem */ = {
			isa = PBXGroup;
			children = (
				BC46D6C61D1FA13C00F25E5B /* Defaults */,
				BC1437D11CE60E7400448AC0 /* User */,
				BCF520B51CE9B7050027D8EA /* Cells */,
				BC5127D11D1F858300033737 /* Class */,
				BC5127CE1D1F820B00033737 /* Extenstions */,
				BC1603651CE8563F00402577 /* Model */,
				3940EE621CE824E800293067 /* Resorces */,
				BC46D6CF1D1FA7C700F25E5B /* ViewControllers */,
				BC54BB831CE4AE720013C0DD /* Assets.xcassets */,
				BCC8672C1D771A25003251B3 /* AppIcon.appiconset */,
				BC54BB7C1CE4AE720013C0DD /* AppDelegate.swift */,
				BC54BB801CE4AE720013C0DD /* Main.storyboard */,
				BC7980731D76C6E600ACAE5C /* ThemeColorViewController.swift */,
				BC46D6CA1D1FA13C00F25E5B /* StoryboardHelper.swift */,
				BC54BB881CE4AE720013C0DD /* Info.plist */,
				BC64FFF31CEDD179008E5DB7 /* GoogleService-Info.plist */,
				BCEF1D4E1CEF015A001FBE37 /* Study Problem-Bridging-Header.h */,
			);
			path = "Study Problem";
			sourceTree = "<group>";
		};
		BC54BB901CE4AE720013C0DD /* Study ProblemTests */ = {
			isa = PBXGroup;
			children = (
				BC54BB911CE4AE720013C0DD /* Study_ProblemTests.swift */,
				BC54BB931CE4AE720013C0DD /* Info.plist */,
			);
			path = "Study ProblemTests";
			sourceTree = "<group>";
		};
		BC54BB9B1CE4AE720013C0DD /* Study ProblemUITests */ = {
			isa = PBXGroup;
			children = (
				BC54BB9C1CE4AE720013C0DD /* Study_ProblemUITests.swift */,
				BC54BB9E1CE4AE720013C0DD /* Info.plist */,
			);
			path = "Study ProblemUITests";
			sourceTree = "<group>";
		};
		BC5E9E6D1D5B6ED4003C1850 /* UserDetailModalViewController */ = {
			isa = PBXGroup;
			children = (
				BC32D1291D501B9F00086026 /* UserDetailModalViewController.swift */,
				BC5E9E6B1D5B5D6B003C1850 /* UserDetailModalViewControllerTableViewExtension.swift */,
				BC32D12A1D501B9F00086026 /* UserDetailModalViewController.xib */,
			);
			name = UserDetailModalViewController;
			sourceTree = "<group>";
		};
		BC5E9E701D5B75C5003C1850 /* ModalTableViewCell */ = {
			isa = PBXGroup;
			children = (
				BC5E9E711D5B75E4003C1850 /* ModalTableViewCell.swift */,
				BC5E9E721D5B75E4003C1850 /* ModalTableViewCell.xib */,
			);
			name = ModalTableViewCell;
			sourceTree = "<group>";
		};
		BC64FFF21CEC9F0F008E5DB7 /* ItemTableViewCell */ = {
			isa = PBXGroup;
			children = (
				BC64FFEE1CEC9F0A008E5DB7 /* itemTableViewCell.swift */,
				BC64FFEF1CEC9F0A008E5DB7 /* itemTableViewCell.xib */,
			);
			name = ItemTableViewCell;
			sourceTree = "<group>";
		};
		BC79806E1D75C6A000ACAE5C /* StarPostViewController */ = {
			isa = PBXGroup;
			children = (
				BC79806F1D75C6C900ACAE5C /* StarPostViewController.swift */,
				BC7980711D75C6D900ACAE5C /* StarPostViewContorollerTableviewClass.swift */,
			);
			name = StarPostViewController;
			sourceTree = "<group>";
		};
		BCB72A1F1D649A1900234B15 /* ChatUserAddViewController */ = {
			isa = PBXGroup;
			children = (
				BCB72A201D649A4000234B15 /* ChatUserAddViewControllerTableView.swift */,
				BCF576EC1D649FE500C50BBC /* ChatUserAddViewController.swift */,
				BCD17A641D655D500050A8EB /* ChatUserSerchClass.swift */,
			);
			name = ChatUserAddViewController;
			sourceTree = "<group>";
		};
		BCC8672C1D771A25003251B3 /* AppIcon.appiconset */ = {
			isa = PBXGroup;
			children = (
				BCC8672D1D771A25003251B3 /* Contents.json */,
				BCC8672E1D771A25003251B3 /* Icon-App-29x29@1x.png */,
				BCC8672F1D771A25003251B3 /* Icon-App-29x29@2x.png */,
				BCC867301D771A25003251B3 /* Icon-App-29x29@3x.png */,
				BCC867311D771A25003251B3 /* Icon-App-40x40@1x.png */,
				BCC867321D771A25003251B3 /* Icon-App-40x40@2x.png */,
				BCC867331D771A25003251B3 /* Icon-App-40x40@3x.png */,
				BCC867341D771A25003251B3 /* Icon-App-60x60@1x.png */,
				BCC867351D771A25003251B3 /* Icon-App-60x60@2x.png */,
				BCC867361D771A25003251B3 /* Icon-App-60x60@3x.png */,
				BCC867371D771A25003251B3 /* Icon-App-76x76@1x.png */,
				BCC867381D771A25003251B3 /* Icon-App-76x76@2x.png */,
				BCC867391D771A25003251B3 /* Icon-App-76x76@3x.png */,
				BCC8673A1D771A25003251B3 /* Icon-App-83.5x83.5@2x.png */,
			);
			path = AppIcon.appiconset;
			sourceTree = "<group>";
		};
		BCF520B51CE9B7050027D8EA /* Cells */ = {
			isa = PBXGroup;
			children = (
				BC5484161D648A3700CD5D5D /* ChatTableViewCell */,
				BC5E9E701D5B75C5003C1850 /* ModalTableViewCell */,
				BCF520C41CE9B8D20027D8EA /* MyReplysTableViewCell */,
				BCF520BF1CE9B75A0027D8EA /* ReplysTableViewCell */,
				BCF520BA1CE9B7270027D8EA /* PostMainTableViewCell */,
				BC64FFF21CEC9F0F008E5DB7 /* ItemTableViewCell */,
				BC16036E1CE85C8C00402577 /* PostTableViewCell */,
			);
			name = Cells;
			sourceTree = "<group>";
		};
		BCF520BA1CE9B7270027D8EA /* PostMainTableViewCell */ = {
			isa = PBXGroup;
			children = (
				BCF520B61CE9B71F0027D8EA /* PostMainTableViewCell.swift */,
				BCF520B71CE9B71F0027D8EA /* PostMainTableViewCell.xib */,
			);
			name = PostMainTableViewCell;
			sourceTree = "<group>";
		};
		BCF520BF1CE9B75A0027D8EA /* ReplysTableViewCell */ = {
			isa = PBXGroup;
			children = (
				BCF520BB1CE9B7550027D8EA /* ReplysTableViewCell.swift */,
				BCF520BC1CE9B7550027D8EA /* ReplysTableViewCell.xib */,
			);
			name = ReplysTableViewCell;
			sourceTree = "<group>";
		};
		BCF520C41CE9B8D20027D8EA /* MyReplysTableViewCell */ = {
			isa = PBXGroup;
			children = (
				BCF520C01CE9B8CB0027D8EA /* MyReplysTableViewCell.swift */,
				BCF520C11CE9B8CB0027D8EA /* MyReplysTableViewCell.xib */,
			);
			name = MyReplysTableViewCell;
			sourceTree = "<group>";
		};
		BCFBDD861D633C730032DC6F /* ChatViewController */ = {
			isa = PBXGroup;
			children = (
				BCFBDD841D63363E0032DC6F /* ChatViewController.swift */,
				BCFBDD891D633D6D0032DC6F /* ChatUserSelectViewController.swift */,
				BCFBDD871D633C940032DC6F /* ChatViewControllerTableView.swift */,
			);
			name = ChatViewController;
			sourceTree = "<group>";
		};
		E9F1973FC39F6DFF5B30725F /* Pods */ = {
			isa = PBXGroup;
			children = (
				4F012C46BD228AB7DDA7EE6B /* Pods-Study Problem.debug.xcconfig */,
				C53EC0BD776941FBF25FFAE2 /* Pods-Study Problem.release.xcconfig */,
			);
			name = Pods;
			sourceTree = "<group>";
		};
/* End PBXGroup section */

/* Begin PBXNativeTarget section */
		BC54BB781CE4AE720013C0DD /* Study Problem */ = {
			isa = PBXNativeTarget;
			buildConfigurationList = BC54BBA11CE4AE720013C0DD /* Build configuration list for PBXNativeTarget "Study Problem" */;
			buildPhases = (
				167218A5B6773303D2EA38AC /* [CP] Check Pods Manifest.lock */,
				BC54BB751CE4AE720013C0DD /* Sources */,
				BC54BB761CE4AE720013C0DD /* Frameworks */,
				BC54BB771CE4AE720013C0DD /* Resources */,
				EA3871DB0CAEE01E292F6F17 /* [CP] Embed Pods Frameworks */,
				ED1472372B0DF72554B126F8 /* [CP] Copy Pods Resources */,
			);
			buildRules = (
			);
			dependencies = (
			);
			name = "Study Problem";
			productName = "Study Problem";
			productReference = BC54BB791CE4AE720013C0DD /* Study Problem.app */;
			productType = "com.apple.product-type.application";
		};
		BC54BB8C1CE4AE720013C0DD /* Study ProblemTests */ = {
			isa = PBXNativeTarget;
			buildConfigurationList = BC54BBA41CE4AE720013C0DD /* Build configuration list for PBXNativeTarget "Study ProblemTests" */;
			buildPhases = (
				BC54BB891CE4AE720013C0DD /* Sources */,
				BC54BB8A1CE4AE720013C0DD /* Frameworks */,
				BC54BB8B1CE4AE720013C0DD /* Resources */,
			);
			buildRules = (
			);
			dependencies = (
				BC54BB8F1CE4AE720013C0DD /* PBXTargetDependency */,
			);
			name = "Study ProblemTests";
			productName = "Study ProblemTests";
			productReference = BC54BB8D1CE4AE720013C0DD /* Study ProblemTests.xctest */;
			productType = "com.apple.product-type.bundle.unit-test";
		};
		BC54BB971CE4AE720013C0DD /* Study ProblemUITests */ = {
			isa = PBXNativeTarget;
			buildConfigurationList = BC54BBA71CE4AE720013C0DD /* Build configuration list for PBXNativeTarget "Study ProblemUITests" */;
			buildPhases = (
				BC54BB941CE4AE720013C0DD /* Sources */,
				BC54BB951CE4AE720013C0DD /* Frameworks */,
				BC54BB961CE4AE720013C0DD /* Resources */,
			);
			buildRules = (
			);
			dependencies = (
				BC54BB9A1CE4AE720013C0DD /* PBXTargetDependency */,
			);
			name = "Study ProblemUITests";
			productName = "Study ProblemUITests";
			productReference = BC54BB981CE4AE720013C0DD /* Study ProblemUITests.xctest */;
			productType = "com.apple.product-type.bundle.ui-testing";
		};
/* End PBXNativeTarget section */

/* Begin PBXProject section */
		BC54BB711CE4AE720013C0DD /* Project object */ = {
			isa = PBXProject;
			attributes = {
				LastSwiftUpdateCheck = 0730;
				LastUpgradeCheck = 0800;
				ORGANIZATIONNAME = ShuntaNakajima;
				TargetAttributes = {
					BC54BB781CE4AE720013C0DD = {
						CreatedOnToolsVersion = 7.3.1;
						DevelopmentTeam = 3XCXCRTJ5X;
						DevelopmentTeamName = "nakajima chiho";
						LastSwiftMigration = 0800;
					};
					BC54BB8C1CE4AE720013C0DD = {
						CreatedOnToolsVersion = 7.3.1;
						LastSwiftMigration = 0800;
						TestTargetID = BC54BB781CE4AE720013C0DD;
					};
					BC54BB971CE4AE720013C0DD = {
						CreatedOnToolsVersion = 7.3.1;
						LastSwiftMigration = 0800;
						TestTargetID = BC54BB781CE4AE720013C0DD;
					};
				};
			};
			buildConfigurationList = BC54BB741CE4AE720013C0DD /* Build configuration list for PBXProject "Study Problem" */;
			compatibilityVersion = "Xcode 3.2";
			developmentRegion = English;
			hasScannedForEncodings = 0;
			knownRegions = (
				en,
				Base,
			);
			mainGroup = BC54BB701CE4AE720013C0DD;
			productRefGroup = BC54BB7A1CE4AE720013C0DD /* Products */;
			projectDirPath = "";
			projectRoot = "";
			targets = (
				BC54BB781CE4AE720013C0DD /* Study Problem */,
				BC54BB8C1CE4AE720013C0DD /* Study ProblemTests */,
				BC54BB971CE4AE720013C0DD /* Study ProblemUITests */,
			);
		};
/* End PBXProject section */

/* Begin PBXResourcesBuildPhase section */
		BC54BB771CE4AE720013C0DD /* Resources */ = {
			isa = PBXResourcesBuildPhase;
			buildActionMask = 2147483647;
			files = (
				BC4281911D77086100D5F66E /* StarMenu@2x.gif in Resources */,
				BC64FFF41CEDD179008E5DB7 /* GoogleService-Info.plist in Resources */,
				BC54841A1D648A5D00CD5D5D /* ChatTableViewCell.xib in Resources */,
				BC5E9E741D5B75E4003C1850 /* ModalTableViewCell.xib in Resources */,
				BCC8673D1D771A25003251B3 /* Icon-App-29x29@2x.png in Resources */,
				BCC8673F1D771A25003251B3 /* Icon-App-40x40@1x.png in Resources */,
				BCC867441D771A25003251B3 /* Icon-App-60x60@3x.png in Resources */,
				BCC867451D771A25003251B3 /* Icon-App-76x76@1x.png in Resources */,
				BCA052421D76CD8100B24A5E /* Setting.gif in Resources */,
				BCC8673B1D771A25003251B3 /* Contents.json in Resources */,
				BCC867431D771A25003251B3 /* Icon-App-60x60@2x.png in Resources */,
				BCC867471D771A25003251B3 /* Icon-App-76x76@3x.png in Resources */,
				BC0095EC1D5E0BF000FBA347 /* star.gif in Resources */,
				BC64FFF11CEC9F0A008E5DB7 /* itemTableViewCell.xib in Resources */,
				BCC867401D771A25003251B3 /* Icon-App-40x40@2x.png in Resources */,
				BC1438081CE7364200448AC0 /* gazou.gif in Resources */,
				BC1438141CE7575A00448AC0 /* 1.gif in Resources */,
				BC4281901D77086100D5F66E /* Setting@2x.gif in Resources */,
				BCF520B91CE9B71F0027D8EA /* PostMainTableViewCell.xib in Resources */,
				BCC867411D771A25003251B3 /* Icon-App-40x40@3x.png in Resources */,
				BCF71A761D0D3F4700285D07 /* noimages.gif in Resources */,
				BCC867481D771A25003251B3 /* Icon-App-83.5x83.5@2x.png in Resources */,
				BC1FB6E91D321D8A004CE534 /* noimage.gif in Resources */,
				BC1438161CE75B6600448AC0 /* 2.gif in Resources */,
				BCC867421D771A25003251B3 /* Icon-App-60x60@1x.png in Resources */,
				BCA052411D76CD8100B24A5E /* StarMenu.gif in Resources */,
				BC4281891D76D1D600D5F66E /* Chat.gif in Resources */,
				BCF520BE1CE9B7550027D8EA /* ReplysTableViewCell.xib in Resources */,
				BCC867461D771A25003251B3 /* Icon-App-76x76@2x.png in Resources */,
				BC4281931D77086100D5F66E /* Chat@2x.gif in Resources */,
				BC46D6CB1D1FA13C00F25E5B /* Default-568h@2x.png in Resources */,
				BC54BB841CE4AE720013C0DD /* Assets.xcassets in Resources */,
				BC54BB821CE4AE720013C0DD /* Main.storyboard in Resources */,
				BCA052431D76CD8100B24A5E /* Main.gif in Resources */,
				BC436C751D6B3729002B3C7B /* Post.gif in Resources */,
				BC4281921D77086100D5F66E /* Main@2x.gif in Resources */,
				BCC8673E1D771A25003251B3 /* Icon-App-29x29@3x.png in Resources */,
				BC32D12C1D501B9F00086026 /* UserDetailModalViewController.xib in Resources */,
				BC46D6CD1D1FA13C00F25E5B /* Default-736h@3x.png in Resources */,
				BC46D6CC1D1FA13C00F25E5B /* Default-667h@2x.png in Resources */,
				BCC8673C1D771A25003251B3 /* Icon-App-29x29@1x.png in Resources */,
				BCF520C31CE9B8CB0027D8EA /* MyReplysTableViewCell.xib in Resources */,
				BC16036D1CE85C8300402577 /* postTableViewCell.xib in Resources */,
			);
			runOnlyForDeploymentPostprocessing = 0;
		};
		BC54BB8B1CE4AE720013C0DD /* Resources */ = {
			isa = PBXResourcesBuildPhase;
			buildActionMask = 2147483647;
			files = (
			);
			runOnlyForDeploymentPostprocessing = 0;
		};
		BC54BB961CE4AE720013C0DD /* Resources */ = {
			isa = PBXResourcesBuildPhase;
			buildActionMask = 2147483647;
			files = (
			);
			runOnlyForDeploymentPostprocessing = 0;
		};
/* End PBXResourcesBuildPhase section */

/* Begin PBXShellScriptBuildPhase section */
		167218A5B6773303D2EA38AC /* [CP] Check Pods Manifest.lock */ = {
			isa = PBXShellScriptBuildPhase;
			buildActionMask = 2147483647;
			files = (
			);
			inputPaths = (
			);
			name = "[CP] Check Pods Manifest.lock";
			outputPaths = (
			);
			runOnlyForDeploymentPostprocessing = 0;
			shellPath = /bin/sh;
			shellScript = "diff \"${PODS_ROOT}/../Podfile.lock\" \"${PODS_ROOT}/Manifest.lock\" > /dev/null\nif [[ $? != 0 ]] ; then\n    cat << EOM\nerror: The sandbox is not in sync with the Podfile.lock. Run 'pod install' or update your CocoaPods installation.\nEOM\n    exit 1\nfi\n";
			showEnvVarsInLog = 0;
		};
		EA3871DB0CAEE01E292F6F17 /* [CP] Embed Pods Frameworks */ = {
			isa = PBXShellScriptBuildPhase;
			buildActionMask = 2147483647;
			files = (
			);
			inputPaths = (
			);
			name = "[CP] Embed Pods Frameworks";
			outputPaths = (
			);
			runOnlyForDeploymentPostprocessing = 0;
			shellPath = /bin/sh;
			shellScript = "\"${SRCROOT}/Pods/Target Support Files/Pods-Study Problem/Pods-Study Problem-frameworks.sh\"\n";
			showEnvVarsInLog = 0;
		};
		ED1472372B0DF72554B126F8 /* [CP] Copy Pods Resources */ = {
			isa = PBXShellScriptBuildPhase;
			buildActionMask = 2147483647;
			files = (
			);
			inputPaths = (
			);
			name = "[CP] Copy Pods Resources";
			outputPaths = (
			);
			runOnlyForDeploymentPostprocessing = 0;
			shellPath = /bin/sh;
			shellScript = "\"${SRCROOT}/Pods/Target Support Files/Pods-Study Problem/Pods-Study Problem-resources.sh\"\n";
			showEnvVarsInLog = 0;
		};
/* End PBXShellScriptBuildPhase section */

/* Begin PBXSourcesBuildPhase section */
		BC54BB751CE4AE720013C0DD /* Sources */ = {
			isa = PBXSourcesBuildPhase;
			buildActionMask = 2147483647;
			files = (
				BC42818B1D76D4FF00D5F66E /* ChangePasswordViewController.swift in Sources */,
				BCFBDD8A1D633D6D0032DC6F /* ChatUserSelectViewController.swift in Sources */,
				BCF520C21CE9B8CB0027D8EA /* MyReplysTableViewCell.swift in Sources */,
				BC16036C1CE85C8300402577 /* postTableViewCell.swift in Sources */,
				BC07E4DE1D5CA86000AC9B6D /* ThemeColor.swift in Sources */,
				BC1437CE1CE5E29200448AC0 /* CreateAccountViewController.swift in Sources */,
				BCD17A651D655D500050A8EB /* ChatUserSerchClass.swift in Sources */,
				BCF520B41CE8A8330027D8EA /* ViewpostViewController.swift in Sources */,
				BCF520BD1CE9B7550027D8EA /* ReplysTableViewCell.swift in Sources */,
				BC5484191D648A5D00CD5D5D /* ChatTableViewCell.swift in Sources */,
				BC5127D01D1F83E000033737 /* MianCellTextView.swift in Sources */,
				BC64FFF01CEC9F0A008E5DB7 /* itemTableViewCell.swift in Sources */,
				BC4EB1B31D53764F00D2AEB0 /* FollowButtonClass.swift in Sources */,
				BC32D12B1D501B9F00086026 /* UserDetailModalViewController.swift in Sources */,
				BC4EB1B11D536C0F00D2AEB0 /* ProfileImageButtonClass.swift in Sources */,
				BC1437CC1CE5CF1E00448AC0 /* LoginViewController.swift in Sources */,
				BCFBDD851D63363E0032DC6F /* ChatViewController.swift in Sources */,
				BC1437D01CE5F20300448AC0 /* ResetPasswordViewController.swift in Sources */,
				BC46D6CE1D1FA13C00F25E5B /* StoryboardHelper.swift in Sources */,
				BC7980741D76C6E600ACAE5C /* ThemeColorViewController.swift in Sources */,
				BC7980721D75C6D900ACAE5C /* StarPostViewContorollerTableviewClass.swift in Sources */,
				BC1437EE1CE613CA00448AC0 /* SettingViewController.swift in Sources */,
				BC1437E61CE6138900448AC0 /* PostViewController.swift in Sources */,
				BC5E9E6C1D5B5D6B003C1850 /* UserDetailModalViewControllerTableViewExtension.swift in Sources */,
				BC5127D31D1F968C00033737 /* MainCellUiimageViewClass.swift in Sources */,
				BC32D1281D4F913D00086026 /* CustomPresentationController.swift in Sources */,
				BC0095EA1D5DFE8400FBA347 /* ToastView.swift in Sources */,
				BCF520B81CE9B71F0027D8EA /* PostMainTableViewCell.swift in Sources */,
				BC32D12E1D5023F400086026 /* CustomAnimatedTransitioning.swift in Sources */,
				BC1437E41CE6137B00448AC0 /* MainViewController.swift in Sources */,
				BCB72A211D649A4000234B15 /* ChatUserAddViewControllerTableView.swift in Sources */,
				BC7980701D75C6C900ACAE5C /* StarPostViewController.swift in Sources */,
				BC1FB6ED1D3225CB004CE534 /* colorNavigationViewController.swift in Sources */,
				BC5127CD1D1F81A900033737 /* NSdateExtention.swift in Sources */,
				BC25AFB81D2E7EFE00A9F881 /* ViewpostViewControllerTableView.swift in Sources */,
				BC5E9E731D5B75E4003C1850 /* ModalTableViewCell.swift in Sources */,
				BCFBDD881D633C940032DC6F /* ChatViewControllerTableView.swift in Sources */,
				BC54BB7D1CE4AE720013C0DD /* AppDelegate.swift in Sources */,
				BCF576ED1D649FE500C50BBC /* ChatUserAddViewController.swift in Sources */,
				BC25AFB61D2E7D9300A9F881 /* MainViewControllerTableViewClass.swift in Sources */,
				BC1603671CE8569200402577 /* Post.swift in Sources */,
			);
			runOnlyForDeploymentPostprocessing = 0;
		};
		BC54BB891CE4AE720013C0DD /* Sources */ = {
			isa = PBXSourcesBuildPhase;
			buildActionMask = 2147483647;
			files = (
				BC54BB921CE4AE720013C0DD /* Study_ProblemTests.swift in Sources */,
			);
			runOnlyForDeploymentPostprocessing = 0;
		};
		BC54BB941CE4AE720013C0DD /* Sources */ = {
			isa = PBXSourcesBuildPhase;
			buildActionMask = 2147483647;
			files = (
				BC54BB9D1CE4AE720013C0DD /* Study_ProblemUITests.swift in Sources */,
			);
			runOnlyForDeploymentPostprocessing = 0;
		};
/* End PBXSourcesBuildPhase section */

/* Begin PBXTargetDependency section */
		BC54BB8F1CE4AE720013C0DD /* PBXTargetDependency */ = {
			isa = PBXTargetDependency;
			target = BC54BB781CE4AE720013C0DD /* Study Problem */;
			targetProxy = BC54BB8E1CE4AE720013C0DD /* PBXContainerItemProxy */;
		};
		BC54BB9A1CE4AE720013C0DD /* PBXTargetDependency */ = {
			isa = PBXTargetDependency;
			target = BC54BB781CE4AE720013C0DD /* Study Problem */;
			targetProxy = BC54BB991CE4AE720013C0DD /* PBXContainerItemProxy */;
		};
/* End PBXTargetDependency section */

/* Begin PBXVariantGroup section */
		BC54BB801CE4AE720013C0DD /* Main.storyboard */ = {
			isa = PBXVariantGroup;
			children = (
				BC54BB811CE4AE720013C0DD /* Base */,
			);
			name = Main.storyboard;
			sourceTree = "<group>";
		};
/* End PBXVariantGroup section */

/* Begin XCBuildConfiguration section */
		BC54BB9F1CE4AE720013C0DD /* Debug */ = {
			isa = XCBuildConfiguration;
			buildSettings = {
				ALWAYS_SEARCH_USER_PATHS = NO;
				CLANG_ANALYZER_NONNULL = YES;
				CLANG_CXX_LANGUAGE_STANDARD = "gnu++0x";
				CLANG_CXX_LIBRARY = "libc++";
				CLANG_ENABLE_MODULES = YES;
				CLANG_ENABLE_OBJC_ARC = YES;
				CLANG_WARN_BOOL_CONVERSION = YES;
				CLANG_WARN_CONSTANT_CONVERSION = YES;
				CLANG_WARN_DIRECT_OBJC_ISA_USAGE = YES_ERROR;
				CLANG_WARN_EMPTY_BODY = YES;
				CLANG_WARN_ENUM_CONVERSION = YES;
				CLANG_WARN_INT_CONVERSION = YES;
				CLANG_WARN_OBJC_ROOT_CLASS = YES_ERROR;
				CLANG_WARN_UNREACHABLE_CODE = YES;
				CLANG_WARN__DUPLICATE_METHOD_MATCH = YES;
				"CODE_SIGN_IDENTITY[sdk=iphoneos*]" = "iPhone Developer";
				COPY_PHASE_STRIP = NO;
				DEBUG_INFORMATION_FORMAT = dwarf;
				ENABLE_STRICT_OBJC_MSGSEND = YES;
				ENABLE_TESTABILITY = YES;
				GCC_C_LANGUAGE_STANDARD = gnu99;
				GCC_DYNAMIC_NO_PIC = NO;
				GCC_NO_COMMON_BLOCKS = YES;
				GCC_OPTIMIZATION_LEVEL = 0;
				GCC_PREPROCESSOR_DEFINITIONS = (
					"DEBUG=1",
					"$(inherited)",
				);
				GCC_WARN_64_TO_32_BIT_CONVERSION = YES;
				GCC_WARN_ABOUT_RETURN_TYPE = YES_ERROR;
				GCC_WARN_UNDECLARED_SELECTOR = YES;
				GCC_WARN_UNINITIALIZED_AUTOS = YES_AGGRESSIVE;
				GCC_WARN_UNUSED_FUNCTION = YES;
				GCC_WARN_UNUSED_VARIABLE = YES;
				IPHONEOS_DEPLOYMENT_TARGET = 9.3;
				MTL_ENABLE_DEBUG_INFO = YES;
				ONLY_ACTIVE_ARCH = YES;
				SDKROOT = iphoneos;
				SWIFT_OPTIMIZATION_LEVEL = "-Onone";
				SWIFT_VERSION = 3.0;
			};
			name = Debug;
		};
		BC54BBA01CE4AE720013C0DD /* Release */ = {
			isa = XCBuildConfiguration;
			buildSettings = {
				ALWAYS_SEARCH_USER_PATHS = NO;
				CLANG_ANALYZER_NONNULL = YES;
				CLANG_CXX_LANGUAGE_STANDARD = "gnu++0x";
				CLANG_CXX_LIBRARY = "libc++";
				CLANG_ENABLE_MODULES = YES;
				CLANG_ENABLE_OBJC_ARC = YES;
				CLANG_WARN_BOOL_CONVERSION = YES;
				CLANG_WARN_CONSTANT_CONVERSION = YES;
				CLANG_WARN_DIRECT_OBJC_ISA_USAGE = YES_ERROR;
				CLANG_WARN_EMPTY_BODY = YES;
				CLANG_WARN_ENUM_CONVERSION = YES;
				CLANG_WARN_INT_CONVERSION = YES;
				CLANG_WARN_OBJC_ROOT_CLASS = YES_ERROR;
				CLANG_WARN_UNREACHABLE_CODE = YES;
				CLANG_WARN__DUPLICATE_METHOD_MATCH = YES;
				"CODE_SIGN_IDENTITY[sdk=iphoneos*]" = "iPhone Developer";
				COPY_PHASE_STRIP = NO;
				DEBUG_INFORMATION_FORMAT = "dwarf-with-dsym";
				ENABLE_NS_ASSERTIONS = NO;
				ENABLE_STRICT_OBJC_MSGSEND = YES;
				GCC_C_LANGUAGE_STANDARD = gnu99;
				GCC_NO_COMMON_BLOCKS = YES;
				GCC_WARN_64_TO_32_BIT_CONVERSION = YES;
				GCC_WARN_ABOUT_RETURN_TYPE = YES_ERROR;
				GCC_WARN_UNDECLARED_SELECTOR = YES;
				GCC_WARN_UNINITIALIZED_AUTOS = YES_AGGRESSIVE;
				GCC_WARN_UNUSED_FUNCTION = YES;
				GCC_WARN_UNUSED_VARIABLE = YES;
				IPHONEOS_DEPLOYMENT_TARGET = 9.3;
				MTL_ENABLE_DEBUG_INFO = NO;
				SDKROOT = iphoneos;
				SWIFT_OPTIMIZATION_LEVEL = "-Owholemodule";
				SWIFT_VERSION = 3.0;
				VALIDATE_PRODUCT = YES;
			};
			name = Release;
		};
		BC54BBA21CE4AE720013C0DD /* Debug */ = {
			isa = XCBuildConfiguration;
			baseConfigurationReference = 4F012C46BD228AB7DDA7EE6B /* Pods-Study Problem.debug.xcconfig */;
			buildSettings = {
				ALWAYS_EMBED_SWIFT_STANDARD_LIBRARIES = YES;
				ASSETCATALOG_COMPILER_APPICON_NAME = AppIcon;
				CLANG_ENABLE_MODULES = YES;
				CODE_SIGN_IDENTITY = "iPhone Developer";
				"CODE_SIGN_IDENTITY[sdk=iphoneos*]" = "iPhone Developer";
				INFOPLIST_FILE = "Study Problem/Info.plist";
				IPHONEOS_DEPLOYMENT_TARGET = 9.0;
				LD_RUNPATH_SEARCH_PATHS = "$(inherited) @executable_path/Frameworks";
				PRODUCT_BUNDLE_IDENTIFIER = com.studyproblem.dev;
				PRODUCT_NAME = "$(TARGET_NAME)";
				PROVISIONING_PROFILE = "";
				SWIFT_OBJC_BRIDGING_HEADER = "Study Problem/Study Problem-Bridging-Header.h";
				SWIFT_OPTIMIZATION_LEVEL = "-Onone";
				SWIFT_VERSION = 3.0;
			};
			name = Debug;
		};
		BC54BBA31CE4AE720013C0DD /* Release */ = {
			isa = XCBuildConfiguration;
			baseConfigurationReference = C53EC0BD776941FBF25FFAE2 /* Pods-Study Problem.release.xcconfig */;
			buildSettings = {
				ALWAYS_EMBED_SWIFT_STANDARD_LIBRARIES = YES;
				ASSETCATALOG_COMPILER_APPICON_NAME = AppIcon;
				CLANG_ENABLE_MODULES = YES;
				CODE_SIGN_IDENTITY = "iPhone Developer";
				"CODE_SIGN_IDENTITY[sdk=iphoneos*]" = "iPhone Developer";
				INFOPLIST_FILE = "Study Problem/Info.plist";
				IPHONEOS_DEPLOYMENT_TARGET = 9.0;
				LD_RUNPATH_SEARCH_PATHS = "$(inherited) @executable_path/Frameworks";
				PRODUCT_BUNDLE_IDENTIFIER = com.studyproblem.dev;
				PRODUCT_NAME = "$(TARGET_NAME)";
				PROVISIONING_PROFILE = "";
				SWIFT_OBJC_BRIDGING_HEADER = "Study Problem/Study Problem-Bridging-Header.h";
				SWIFT_VERSION = 3.0;
			};
			name = Release;
		};
		BC54BBA51CE4AE720013C0DD /* Debug */ = {
			isa = XCBuildConfiguration;
			buildSettings = {
				BUNDLE_LOADER = "$(TEST_HOST)";
				INFOPLIST_FILE = "Study ProblemTests/Info.plist";
				LD_RUNPATH_SEARCH_PATHS = "$(inherited) @executable_path/Frameworks @loader_path/Frameworks";
				PRODUCT_BUNDLE_IDENTIFIER = "com.ShuntaNakajima.Study-ProblemTests";
				PRODUCT_NAME = "$(TARGET_NAME)";
				SWIFT_VERSION = 2.3;
				TEST_HOST = "$(BUILT_PRODUCTS_DIR)/Study Problem.app/Study Problem";
			};
			name = Debug;
		};
		BC54BBA61CE4AE720013C0DD /* Release */ = {
			isa = XCBuildConfiguration;
			buildSettings = {
				BUNDLE_LOADER = "$(TEST_HOST)";
				INFOPLIST_FILE = "Study ProblemTests/Info.plist";
				LD_RUNPATH_SEARCH_PATHS = "$(inherited) @executable_path/Frameworks @loader_path/Frameworks";
				PRODUCT_BUNDLE_IDENTIFIER = "com.ShuntaNakajima.Study-ProblemTests";
				PRODUCT_NAME = "$(TARGET_NAME)";
				SWIFT_VERSION = 2.3;
				TEST_HOST = "$(BUILT_PRODUCTS_DIR)/Study Problem.app/Study Problem";
			};
			name = Release;
		};
		BC54BBA81CE4AE720013C0DD /* Debug */ = {
			isa = XCBuildConfiguration;
			buildSettings = {
				INFOPLIST_FILE = "Study ProblemUITests/Info.plist";
				LD_RUNPATH_SEARCH_PATHS = "$(inherited) @executable_path/Frameworks @loader_path/Frameworks";
				PRODUCT_BUNDLE_IDENTIFIER = "com.ShuntaNakajima.Study-ProblemUITests";
				PRODUCT_NAME = "$(TARGET_NAME)";
				SWIFT_VERSION = 2.3;
				TEST_TARGET_NAME = "Study Problem";
			};
			name = Debug;
		};
		BC54BBA91CE4AE720013C0DD /* Release */ = {
			isa = XCBuildConfiguration;
			buildSettings = {
				INFOPLIST_FILE = "Study ProblemUITests/Info.plist";
				LD_RUNPATH_SEARCH_PATHS = "$(inherited) @executable_path/Frameworks @loader_path/Frameworks";
				PRODUCT_BUNDLE_IDENTIFIER = "com.ShuntaNakajima.Study-ProblemUITests";
				PRODUCT_NAME = "$(TARGET_NAME)";
				SWIFT_VERSION = 2.3;
				TEST_TARGET_NAME = "Study Problem";
			};
			name = Release;
		};
/* End XCBuildConfiguration section */

/* Begin XCConfigurationList section */
		BC54BB741CE4AE720013C0DD /* Build configuration list for PBXProject "Study Problem" */ = {
			isa = XCConfigurationList;
			buildConfigurations = (
				BC54BB9F1CE4AE720013C0DD /* Debug */,
				BC54BBA01CE4AE720013C0DD /* Release */,
			);
			defaultConfigurationIsVisible = 0;
			defaultConfigurationName = Release;
		};
		BC54BBA11CE4AE720013C0DD /* Build configuration list for PBXNativeTarget "Study Problem" */ = {
			isa = XCConfigurationList;
			buildConfigurations = (
				BC54BBA21CE4AE720013C0DD /* Debug */,
				BC54BBA31CE4AE720013C0DD /* Release */,
			);
			defaultConfigurationIsVisible = 0;
			defaultConfigurationName = Release;
		};
		BC54BBA41CE4AE720013C0DD /* Build configuration list for PBXNativeTarget "Study ProblemTests" */ = {
			isa = XCConfigurationList;
			buildConfigurations = (
				BC54BBA51CE4AE720013C0DD /* Debug */,
				BC54BBA61CE4AE720013C0DD /* Release */,
			);
			defaultConfigurationIsVisible = 0;
			defaultConfigurationName = Release;
		};
		BC54BBA71CE4AE720013C0DD /* Build configuration list for PBXNativeTarget "Study ProblemUITests" */ = {
			isa = XCConfigurationList;
			buildConfigurations = (
				BC54BBA81CE4AE720013C0DD /* Debug */,
				BC54BBA91CE4AE720013C0DD /* Release */,
			);
			defaultConfigurationIsVisible = 0;
			defaultConfigurationName = Release;
		};
/* End XCConfigurationList section */
	};
	rootObject = BC54BB711CE4AE720013C0DD /* Project object */;
}
